PODS:
  - Kingfisher (4.7.0)
  - Realm (3.3.2):
    - Realm/Headers (= 3.3.2)
  - Realm/Headers (3.3.2)
  - RealmSwift (3.3.2):
    - Realm (= 3.3.2)

DEPENDENCIES:
  - Kingfisher (~> 4.7.0)
  - RealmSwift (~> 3.3.2)

SPEC REPOS:
  https://github.com/CocoaPods/Specs.git:
    - Kingfisher
    - Realm
    - RealmSwift

SPEC CHECKSUMS:
  Kingfisher: da6b005aa96d37698e3e4f1ccfe96a5b9bbf27d6
  Realm: d927fbf66df5532cfafc08afb5f7e53ded37b894
  RealmSwift: 4e903a494e05d866581d69ad6f7e7b879d446baf

PODFILE CHECKSUM: a94238cbaaa4ac500ed61c624568602219d68aca

COCOAPODS: 1.5.0
