// !$*UTF8*$!
{
	archiveVersion = 1;
	classes = {
	};
	objectVersion = 48;
	objects = {

/* Begin PBXBuildFile section */
		0715BFED207800F5004E15A4 /* CharacterCell.swift in Sources */ = {isa = PBXBuildFile; fileRef = 0715BFEC207800F5004E15A4 /* CharacterCell.swift */; };
		079661FE2076C7990035AA47 /* AppDelegate.swift in Sources */ = {isa = PBXBuildFile; fileRef = 079661FD2076C7990035AA47 /* AppDelegate.swift */; };
		079662002076C7990035AA47 /* ProfileListViewController.swift in Sources */ = {isa = PBXBuildFile; fileRef = 079661FF2076C7990035AA47 /* ProfileListViewController.swift */; };
		079662032076C7990035AA47 /* Main.storyboard in Resources */ = {isa = PBXBuildFile; fileRef = 079662012076C7990035AA47 /* Main.storyboard */; };
		079662052076C7990035AA47 /* Assets.xcassets in Resources */ = {isa = PBXBuildFile; fileRef = 079662042076C7990035AA47 /* Assets.xcassets */; };
		079662082076C7990035AA47 /* LaunchScreen.storyboard in Resources */ = {isa = PBXBuildFile; fileRef = 079662062076C7990035AA47 /* LaunchScreen.storyboard */; };
		079662102077D4C20035AA47 /* SWCharacter.swift in Sources */ = {isa = PBXBuildFile; fileRef = 0796620F2077D4C20035AA47 /* SWCharacter.swift */; };
		C8F5D270F482BFB6758AF24D /* Pods_FetchAndViewProfiles.framework in Frameworks */ = {isa = PBXBuildFile; fileRef = F77977329AD624D162A7DA41 /* Pods_FetchAndViewProfiles.framework */; };
/* End PBXBuildFile section */

/* Begin PBXFileReference section */
		0715BFEC207800F5004E15A4 /* CharacterCell.swift */ = {isa = PBXFileReference; lastKnownFileType = sourcecode.swift; path = CharacterCell.swift; sourceTree = "<group>"; };
		079661FA2076C7990035AA47 /* FetchAndViewProfiles.app */ = {isa = PBXFileReference; explicitFileType = wrapper.application; includeInIndex = 0; path = FetchAndViewProfiles.app; sourceTree = BUILT_PRODUCTS_DIR; };
		079661FD2076C7990035AA47 /* AppDelegate.swift */ = {isa = PBXFileReference; lastKnownFileType = sourcecode.swift; path = AppDelegate.swift; sourceTree = "<group>"; };
		079661FF2076C7990035AA47 /* ProfileListViewController.swift */ = {isa = PBXFileReference; lastKnownFileType = sourcecode.swift; path = ProfileListViewController.swift; sourceTree = "<group>"; };
		079662022076C7990035AA47 /* Base */ = {isa = PBXFileReference; lastKnownFileType = file.storyboard; name = Base; path = Base.lproj/Main.storyboard; sourceTree = "<group>"; };
		079662042076C7990035AA47 /* Assets.xcassets */ = {isa = PBXFileReference; lastKnownFileType = folder.assetcatalog; path = Assets.xcassets; sourceTree = "<group>"; };
		079662072076C7990035AA47 /* Base */ = {isa = PBXFileReference; lastKnownFileType = file.storyboard; name = Base; path = Base.lproj/LaunchScreen.storyboard; sourceTree = "<group>"; };
		079662092076C7990035AA47 /* Info.plist */ = {isa = PBXFileReference; lastKnownFileType = text.plist.xml; path = Info.plist; sourceTree = "<group>"; };
		0796620F2077D4C20035AA47 /* SWCharacter.swift */ = {isa = PBXFileReference; lastKnownFileType = sourcecode.swift; path = SWCharacter.swift; sourceTree = "<group>"; };
		202CC235CDDAB358077B19F5 /* Pods-FetchAndViewProfiles.debug.xcconfig */ = {isa = PBXFileReference; includeInIndex = 1; lastKnownFileType = text.xcconfig; name = "Pods-FetchAndViewProfiles.debug.xcconfig"; path = "Pods/Target Support Files/Pods-FetchAndViewProfiles/Pods-FetchAndViewProfiles.debug.xcconfig"; sourceTree = "<group>"; };
		D7FACD7430E2EB146E0A5A8E /* Pods-FetchAndViewProfiles.release.xcconfig */ = {isa = PBXFileReference; includeInIndex = 1; lastKnownFileType = text.xcconfig; name = "Pods-FetchAndViewProfiles.release.xcconfig"; path = "Pods/Target Support Files/Pods-FetchAndViewProfiles/Pods-FetchAndViewProfiles.release.xcconfig"; sourceTree = "<group>"; };
		F77977329AD624D162A7DA41 /* Pods_FetchAndViewProfiles.framework */ = {isa = PBXFileReference; explicitFileType = wrapper.framework; includeInIndex = 0; path = Pods_FetchAndViewProfiles.framework; sourceTree = BUILT_PRODUCTS_DIR; };
/* End PBXFileReference section */

/* Begin PBXFrameworksBuildPhase section */
		079661F72076C7990035AA47 /* Frameworks */ = {
			isa = PBXFrameworksBuildPhase;
			buildActionMask = 2147483647;
			files = (
				C8F5D270F482BFB6758AF24D /* Pods_FetchAndViewProfiles.framework in Frameworks */,
			);
			runOnlyForDeploymentPostprocessing = 0;
		};
/* End PBXFrameworksBuildPhase section */

/* Begin PBXGroup section */
		079661F12076C7990035AA47 = {
			isa = PBXGroup;
			children = (
				079661FC2076C7990035AA47 /* FetchAndViewProfiles */,
				079661FB2076C7990035AA47 /* Products */,
				5A3D817F9FFDE1E485648DCF /* Pods */,
				75F697D4E6D575AEB14CB00F /* Frameworks */,
			);
			sourceTree = "<group>";
		};
		079661FB2076C7990035AA47 /* Products */ = {
			isa = PBXGroup;
			children = (
				079661FA2076C7990035AA47 /* FetchAndViewProfiles.app */,
			);
			name = Products;
			sourceTree = "<group>";
		};
		079661FC2076C7990035AA47 /* FetchAndViewProfiles */ = {
			isa = PBXGroup;
			children = (
				079662062076C7990035AA47 /* LaunchScreen.storyboard */,
				079661FD2076C7990035AA47 /* AppDelegate.swift */,
				079662012076C7990035AA47 /* Main.storyboard */,
				079661FF2076C7990035AA47 /* ProfileListViewController.swift */,
				0715BFEC207800F5004E15A4 /* CharacterCell.swift */,
				0796620F2077D4C20035AA47 /* SWCharacter.swift */,
				079662042076C7990035AA47 /* Assets.xcassets */,
				079662092076C7990035AA47 /* Info.plist */,
			);
			path = FetchAndViewProfiles;
			sourceTree = "<group>";
		};
		5A3D817F9FFDE1E485648DCF /* Pods */ = {
			isa = PBXGroup;
			children = (
				202CC235CDDAB358077B19F5 /* Pods-FetchAndViewProfiles.debug.xcconfig */,
				D7FACD7430E2EB146E0A5A8E /* Pods-FetchAndViewProfiles.release.xcconfig */,
			);
			name = Pods;
			sourceTree = "<group>";
		};
		75F697D4E6D575AEB14CB00F /* Frameworks */ = {
			isa = PBXGroup;
			children = (
				F77977329AD624D162A7DA41 /* Pods_FetchAndViewProfiles.framework */,
			);
			name = Frameworks;
			sourceTree = "<group>";
		};
/* End PBXGroup section */

/* Begin PBXNativeTarget section */
		079661F92076C7990035AA47 /* FetchAndViewProfiles */ = {
			isa = PBXNativeTarget;
			buildConfigurationList = 0796620C2076C7990035AA47 /* Build configuration list for PBXNativeTarget "FetchAndViewProfiles" */;
			buildPhases = (
				B39BFB58767C35A7F403D548 /* [CP] Check Pods Manifest.lock */,
				079661F62076C7990035AA47 /* Sources */,
				079661F72076C7990035AA47 /* Frameworks */,
				079661F82076C7990035AA47 /* Resources */,
				101DF6CE958B9F1502503D7A /* [CP] Embed Pods Frameworks */,
			);
			buildRules = (
			);
			dependencies = (
			);
			name = FetchAndViewProfiles;
			productName = FetchAndViewProfiles;
			productReference = 079661FA2076C7990035AA47 /* FetchAndViewProfiles.app */;
			productType = "com.apple.product-type.application";
		};
/* End PBXNativeTarget section */

/* Begin PBXProject section */
		079661F22076C7990035AA47 /* Project object */ = {
			isa = PBXProject;
			attributes = {
				LastSwiftUpdateCheck = 0920;
				LastUpgradeCheck = 0920;
				ORGANIZATIONNAME = EricLudlow;
				TargetAttributes = {
					079661F92076C7990035AA47 = {
						CreatedOnToolsVersion = 9.2;
						ProvisioningStyle = Automatic;
					};
				};
			};
			buildConfigurationList = 079661F52076C7990035AA47 /* Build configuration list for PBXProject "FetchAndViewProfiles" */;
			compatibilityVersion = "Xcode 8.0";
			developmentRegion = en;
			hasScannedForEncodings = 0;
			knownRegions = (
				en,
				Base,
			);
			mainGroup = 079661F12076C7990035AA47;
			productRefGroup = 079661FB2076C7990035AA47 /* Products */;
			projectDirPath = "";
			projectRoot = "";
			targets = (
				079661F92076C7990035AA47 /* FetchAndViewProfiles */,
			);
		};
/* End PBXProject section */

/* Begin PBXResourcesBuildPhase section */
		079661F82076C7990035AA47 /* Resources */ = {
			isa = PBXResourcesBuildPhase;
			buildActionMask = 2147483647;
			files = (
				079662082076C7990035AA47 /* LaunchScreen.storyboard in Resources */,
				079662052076C7990035AA47 /* Assets.xcassets in Resources */,
				079662032076C7990035AA47 /* Main.storyboard in Resources */,
			);
			runOnlyForDeploymentPostprocessing = 0;
		};
/* End PBXResourcesBuildPhase section */

/* Begin PBXShellScriptBuildPhase section */
		101DF6CE958B9F1502503D7A /* [CP] Embed Pods Frameworks */ = {
			isa = PBXShellScriptBuildPhase;
			buildActionMask = 2147483647;
			files = (
			);
			inputPaths = (
				"${SRCROOT}/Pods/Target Support Files/Pods-FetchAndViewProfiles/Pods-FetchAndViewProfiles-frameworks.sh",
				"${BUILT_PRODUCTS_DIR}/Kingfisher/Kingfisher.framework",
				"${BUILT_PRODUCTS_DIR}/Realm/Realm.framework",
				"${BUILT_PRODUCTS_DIR}/RealmSwift/RealmSwift.framework",
			);
			name = "[CP] Embed Pods Frameworks";
			outputPaths = (
				"${TARGET_BUILD_DIR}/${FRAMEWORKS_FOLDER_PATH}/Kingfisher.framework",
				"${TARGET_BUILD_DIR}/${FRAMEWORKS_FOLDER_PATH}/Realm.framework",
				"${TARGET_BUILD_DIR}/${FRAMEWORKS_FOLDER_PATH}/RealmSwift.framework",
			);
			runOnlyForDeploymentPostprocessing = 0;
			shellPath = /bin/sh;
			shellScript = "\"${SRCROOT}/Pods/Target Support Files/Pods-FetchAndViewProfiles/Pods-FetchAndViewProfiles-frameworks.sh\"\n";
			showEnvVarsInLog = 0;
		};
		B39BFB58767C35A7F403D548 /* [CP] Check Pods Manifest.lock */ = {
			isa = PBXShellScriptBuildPhase;
			buildActionMask = 2147483647;
			files = (
			);
			inputPaths = (
				"${PODS_PODFILE_DIR_PATH}/Podfile.lock",
				"${PODS_ROOT}/Manifest.lock",
			);
			name = "[CP] Check Pods Manifest.lock";
			outputPaths = (
				"$(DERIVED_FILE_DIR)/Pods-FetchAndViewProfiles-checkManifestLockResult.txt",
			);
			runOnlyForDeploymentPostprocessing = 0;
			shellPath = /bin/sh;
			shellScript = "diff \"${PODS_PODFILE_DIR_PATH}/Podfile.lock\" \"${PODS_ROOT}/Manifest.lock\" > /dev/null\nif [ $? != 0 ] ; then\n    # print error to STDERR\n    echo \"error: The sandbox is not in sync with the Podfile.lock. Run 'pod install' or update your CocoaPods installation.\" >&2\n    exit 1\nfi\n# This output is used by Xcode 'outputs' to avoid re-running this script phase.\necho \"SUCCESS\" > \"${SCRIPT_OUTPUT_FILE_0}\"\n";
			showEnvVarsInLog = 0;
		};
/* End PBXShellScriptBuildPhase section */

/* Begin PBXSourcesBuildPhase section */
		079661F62076C7990035AA47 /* Sources */ = {
			isa = PBXSourcesBuildPhase;
			buildActionMask = 2147483647;
			files = (
				079662102077D4C20035AA47 /* SWCharacter.swift in Sources */,
				079662002076C7990035AA47 /* ProfileListViewController.swift in Sources */,
				079661FE2076C7990035AA47 /* AppDelegate.swift in Sources */,
				0715BFED207800F5004E15A4 /* CharacterCell.swift in Sources */,
			);
			runOnlyForDeploymentPostprocessing = 0;
		};
/* End PBXSourcesBuildPhase section */

/* Begin PBXVariantGroup section */
		079662012076C7990035AA47 /* Main.storyboard */ = {
			isa = PBXVariantGroup;
			children = (
				079662022076C7990035AA47 /* Base */,
			);
			name = Main.storyboard;
			sourceTree = "<group>";
		};
		079662062076C7990035AA47 /* LaunchScreen.storyboard */ = {
			isa = PBXVariantGroup;
			children = (
				079662072076C7990035AA47 /* Base */,
			);
			name = LaunchScreen.storyboard;
			sourceTree = "<group>";
		};
/* End PBXVariantGroup section */

/* Begin XCBuildConfiguration section */
		0796620A2076C7990035AA47 /* Debug */ = {
			isa = XCBuildConfiguration;
			buildSettings = {
				ALWAYS_SEARCH_USER_PATHS = NO;
				CLANG_ANALYZER_NONNULL = YES;
				CLANG_ANALYZER_NUMBER_OBJECT_CONVERSION = YES_AGGRESSIVE;
				CLANG_CXX_LANGUAGE_STANDARD = "gnu++14";
				CLANG_CXX_LIBRARY = "libc++";
				CLANG_ENABLE_MODULES = YES;
				CLANG_ENABLE_OBJC_ARC = YES;
				CLANG_WARN_BLOCK_CAPTURE_AUTORELEASING = YES;
				CLANG_WARN_BOOL_CONVERSION = YES;
				CLANG_WARN_COMMA = YES;
				CLANG_WARN_CONSTANT_CONVERSION = YES;
				CLANG_WARN_DIRECT_OBJC_ISA_USAGE = YES_ERROR;
				CLANG_WARN_DOCUMENTATION_COMMENTS = YES;
				CLANG_WARN_EMPTY_BODY = YES;
				CLANG_WARN_ENUM_CONVERSION = YES;
				CLANG_WARN_INFINITE_RECURSION = YES;
				CLANG_WARN_INT_CONVERSION = YES;
				CLANG_WARN_NON_LITERAL_NULL_CONVERSION = YES;
				CLANG_WARN_OBJC_LITERAL_CONVERSION = YES;
				CLANG_WARN_OBJC_ROOT_CLASS = YES_ERROR;
				CLANG_WARN_RANGE_LOOP_ANALYSIS = YES;
				CLANG_WARN_STRICT_PROTOTYPES = YES;
				CLANG_WARN_SUSPICIOUS_MOVE = YES;
				CLANG_WARN_UNGUARDED_AVAILABILITY = YES_AGGRESSIVE;
				CLANG_WARN_UNREACHABLE_CODE = YES;
				CLANG_WARN__DUPLICATE_METHOD_MATCH = YES;
				CODE_SIGN_IDENTITY = "iPhone Developer";
				COPY_PHASE_STRIP = NO;
				DEBUG_INFORMATION_FORMAT = dwarf;
				ENABLE_STRICT_OBJC_MSGSEND = YES;
				ENABLE_TESTABILITY = YES;
				GCC_C_LANGUAGE_STANDARD = gnu11;
				GCC_DYNAMIC_NO_PIC = NO;
				GCC_NO_COMMON_BLOCKS = YES;
				GCC_OPTIMIZATION_LEVEL = 0;
				GCC_PREPROCESSOR_DEFINITIONS = (
					"DEBUG=1",
					"$(inherited)",
				);
				GCC_WARN_64_TO_32_BIT_CONVERSION = YES;
				GCC_WARN_ABOUT_RETURN_TYPE = YES_ERROR;
				GCC_WARN_UNDECLARED_SELECTOR = YES;
				GCC_WARN_UNINITIALIZED_AUTOS = YES_AGGRESSIVE;
				GCC_WARN_UNUSED_FUNCTION = YES;
				GCC_WARN_UNUSED_VARIABLE = YES;
				IPHONEOS_DEPLOYMENT_TARGET = 11.2;
				MTL_ENABLE_DEBUG_INFO = YES;
				ONLY_ACTIVE_ARCH = YES;
				SDKROOT = iphoneos;
				SWIFT_ACTIVE_COMPILATION_CONDITIONS = DEBUG;
				SWIFT_OPTIMIZATION_LEVEL = "-Onone";
			};
			name = Debug;
		};
		0796620B2076C7990035AA47 /* Release */ = {
			isa = XCBuildConfiguration;
			buildSettings = {
				ALWAYS_SEARCH_USER_PATHS = NO;
				CLANG_ANALYZER_NONNULL = YES;
				CLANG_ANALYZER_NUMBER_OBJECT_CONVERSION = YES_AGGRESSIVE;
				CLANG_CXX_LANGUAGE_STANDARD = "gnu++14";
				CLANG_CXX_LIBRARY = "libc++";
				CLANG_ENABLE_MODULES = YES;
				CLANG_ENABLE_OBJC_ARC = YES;
				CLANG_WARN_BLOCK_CAPTURE_AUTORELEASING = YES;
				CLANG_WARN_BOOL_CONVERSION = YES;
				CLANG_WARN_COMMA = YES;
				CLANG_WARN_CONSTANT_CONVERSION = YES;
				CLANG_WARN_DIRECT_OBJC_ISA_USAGE = YES_ERROR;
				CLANG_WARN_DOCUMENTATION_COMMENTS = YES;
				CLANG_WARN_EMPTY_BODY = YES;
				CLANG_WARN_ENUM_CONVERSION = YES;
				CLANG_WARN_INFINITE_RECURSION = YES;
				CLANG_WARN_INT_CONVERSION = YES;
				CLANG_WARN_NON_LITERAL_NULL_CONVERSION = YES;
				CLANG_WARN_OBJC_LITERAL_CONVERSION = YES;
				CLANG_WARN_OBJC_ROOT_CLASS = YES_ERROR;
				CLANG_WARN_RANGE_LOOP_ANALYSIS = YES;
				CLANG_WARN_STRICT_PROTOTYPES = YES;
				CLANG_WARN_SUSPICIOUS_MOVE = YES;
				CLANG_WARN_UNGUARDED_AVAILABILITY = YES_AGGRESSIVE;
				CLANG_WARN_UNREACHABLE_CODE = YES;
				CLANG_WARN__DUPLICATE_METHOD_MATCH = YES;
				CODE_SIGN_IDENTITY = "iPhone Developer";
				COPY_PHASE_STRIP = NO;
				DEBUG_INFORMATION_FORMAT = "dwarf-with-dsym";
				ENABLE_NS_ASSERTIONS = NO;
				ENABLE_STRICT_OBJC_MSGSEND = YES;
				GCC_C_LANGUAGE_STANDARD = gnu11;
				GCC_NO_COMMON_BLOCKS = YES;
				GCC_WARN_64_TO_32_BIT_CONVERSION = YES;
				GCC_WARN_ABOUT_RETURN_TYPE = YES_ERROR;
				GCC_WARN_UNDECLARED_SELECTOR = YES;
				GCC_WARN_UNINITIALIZED_AUTOS = YES_AGGRESSIVE;
				GCC_WARN_UNUSED_FUNCTION = YES;
				GCC_WARN_UNUSED_VARIABLE = YES;
				IPHONEOS_DEPLOYMENT_TARGET = 11.2;
				MTL_ENABLE_DEBUG_INFO = NO;
				SDKROOT = iphoneos;
				SWIFT_OPTIMIZATION_LEVEL = "-Owholemodule";
				VALIDATE_PRODUCT = YES;
			};
			name = Release;
		};
		0796620D2076C7990035AA47 /* Debug */ = {
			isa = XCBuildConfiguration;
			baseConfigurationReference = 202CC235CDDAB358077B19F5 /* Pods-FetchAndViewProfiles.debug.xcconfig */;
			buildSettings = {
				ASSETCATALOG_COMPILER_APPICON_NAME = AppIcon;
				CODE_SIGN_STYLE = Automatic;
				DEVELOPMENT_TEAM = 5HXYT4NG88;
				INFOPLIST_FILE = FetchAndViewProfiles/Info.plist;
				LD_RUNPATH_SEARCH_PATHS = "$(inherited) @executable_path/Frameworks";
				PRODUCT_BUNDLE_IDENTIFIER = com.Ludlow.Eric.FetchAndViewProfiles;
				PRODUCT_NAME = "$(TARGET_NAME)";
				SWIFT_VERSION = 4.0;
				TARGETED_DEVICE_FAMILY = "1,2";
			};
			name = Debug;
		};
		0796620E2076C7990035AA47 /* Release */ = {
			isa = XCBuildConfiguration;
			baseConfigurationReference = D7FACD7430E2EB146E0A5A8E /* Pods-FetchAndViewProfiles.release.xcconfig */;
			buildSettings = {
				ASSETCATALOG_COMPILER_APPICON_NAME = AppIcon;
				CODE_SIGN_STYLE = Automatic;
				DEVELOPMENT_TEAM = 5HXYT4NG88;
				INFOPLIST_FILE = FetchAndViewProfiles/Info.plist;
				LD_RUNPATH_SEARCH_PATHS = "$(inherited) @executable_path/Frameworks";
				PRODUCT_BUNDLE_IDENTIFIER = com.Ludlow.Eric.FetchAndViewProfiles;
				PRODUCT_NAME = "$(TARGET_NAME)";
				SWIFT_VERSION = 4.0;
				TARGETED_DEVICE_FAMILY = "1,2";
			};
			name = Release;
		};
/* End XCBuildConfiguration section */

/* Begin XCConfigurationList section */
		079661F52076C7990035AA47 /* Build configuration list for PBXProject "FetchAndViewProfiles" */ = {
			isa = XCConfigurationList;
			buildConfigurations = (
				0796620A2076C7990035AA47 /* Debug */,
				0796620B2076C7990035AA47 /* Release */,
			);
			defaultConfigurationIsVisible = 0;
			defaultConfigurationName = Release;
		};
		0796620C2076C7990035AA47 /* Build configuration list for PBXNativeTarget "FetchAndViewProfiles" */ = {
			isa = XCConfigurationList;
			buildConfigurations = (
				0796620D2076C7990035AA47 /* Debug */,
				0796620E2076C7990035AA47 /* Release */,
			);
			defaultConfigurationIsVisible = 0;
			defaultConfigurationName = Release;
		};
/* End XCConfigurationList section */
	};
	rootObject = 079661F22076C7990035AA47 /* Project object */;
}
